
Microsoft Visual Studio Solution File, Format Version 11.00
# Visual Studio 2010
Project("{FAE04EC0-301F-11D3-BF4B-00C04F79EFBC}") = "Assembly-CSharp", "Assembly-CSharp.csproj", "{41ded114-605a-399d-9c29-1ac167054a84}"
EndProject
Project("{FAE04EC0-301F-11D3-BF4B-00C04F79EFBC}") = "Assembly-CSharp-Editor", "Assembly-CSharp-Editor.csproj", "{b85837aa-7604-0faa-8e49-6924a128bfe2}"
EndProject
Global
	GlobalSection(SolutionConfigurationPlatforms) = preSolution
		Debug|Any CPU = Debug|Any CPU
	EndGlobalSection
	GlobalSection(ProjectConfigurationPlatforms) = postSolution
		{41ded114-605a-399d-9c29-1ac167054a84}.Debug|Any CPU.ActiveCfg = Debug|Any CPU
		{41ded114-605a-399d-9c29-1ac167054a84}.Debug|Any CPU.Build.0 = Debug|Any CPU
		{b85837aa-7604-0faa-8e49-6924a128bfe2}.Debug|Any CPU.ActiveCfg = Debug|Any CPU
		{b85837aa-7604-0faa-8e49-6924a128bfe2}.Debug|Any CPU.Build.0 = Debug|Any CPU
	EndGlobalSection
	GlobalSection(SolutionProperties) = preSolution
		HideSolutionNode = FALSE
	EndGlobalSection
EndGlobal
